// !$*UTF8*$!
{
	archiveVersion = 1;
	classes = {
	};
	objectVersion = 56;
	objects = {

/* Begin PBXBuildFile section */
		7607ABAF29F2095700E26A53 /* CardStyleViewModifier.swift in Sources */ = {isa = PBXBuildFile; fileRef = 7607ABAE29F2095700E26A53 /* CardStyleViewModifier.swift */; };
		7607ABB229F219E600E26A53 /* LearnListView.swift in Sources */ = {isa = PBXBuildFile; fileRef = 7607ABB129F219E600E26A53 /* LearnListView.swift */; };
		7607ABB429F219F200E26A53 /* LearnListViewModel.swift in Sources */ = {isa = PBXBuildFile; fileRef = 7607ABB329F219F200E26A53 /* LearnListViewModel.swift */; };
		7607ABB629F23D3C00E26A53 /* UserDefaultsWrapper.swift in Sources */ = {isa = PBXBuildFile; fileRef = 7607ABB529F23D3C00E26A53 /* UserDefaultsWrapper.swift */; };
		7638DA8C29F16966004F97A2 /* EQuotes_MVVMApp.swift in Sources */ = {isa = PBXBuildFile; fileRef = 7638DA8B29F16966004F97A2 /* EQuotes_MVVMApp.swift */; };
		7638DA8E29F16966004F97A2 /* ContentView.swift in Sources */ = {isa = PBXBuildFile; fileRef = 7638DA8D29F16966004F97A2 /* ContentView.swift */; };
		7638DA9029F16967004F97A2 /* Assets.xcassets in Resources */ = {isa = PBXBuildFile; fileRef = 7638DA8F29F16967004F97A2 /* Assets.xcassets */; };
		7638DA9429F16967004F97A2 /* Preview Assets.xcassets in Resources */ = {isa = PBXBuildFile; fileRef = 7638DA9329F16967004F97A2 /* Preview Assets.xcassets */; };
		7638DA9E29F16967004F97A2 /* EQuotes_MVVMTests.swift in Sources */ = {isa = PBXBuildFile; fileRef = 7638DA9D29F16967004F97A2 /* EQuotes_MVVMTests.swift */; };
		7638DABE29F16C65004F97A2 /* GoogleService-Info.plist in Resources */ = {isa = PBXBuildFile; fileRef = 7638DABD29F16C64004F97A2 /* GoogleService-Info.plist */; };
		7638DAC629F1722C004F97A2 /* Color.swift in Sources */ = {isa = PBXBuildFile; fileRef = 7638DAC529F1722C004F97A2 /* Color.swift */; };
		7638DAC829F173C0004F97A2 /* GradientView.swift in Sources */ = {isa = PBXBuildFile; fileRef = 7638DAC729F173C0004F97A2 /* GradientView.swift */; };
		7638DAC929F173C0004F97A2 /* GradientView.swift in Sources */ = {isa = PBXBuildFile; fileRef = 7638DAC729F173C0004F97A2 /* GradientView.swift */; };
		7638DACF29F1764F004F97A2 /* AnimatedMenuButton.swift in Sources */ = {isa = PBXBuildFile; fileRef = 7638DACE29F1764F004F97A2 /* AnimatedMenuButton.swift */; };
		7638DAD029F1764F004F97A2 /* AnimatedMenuButton.swift in Sources */ = {isa = PBXBuildFile; fileRef = 7638DACE29F1764F004F97A2 /* AnimatedMenuButton.swift */; };
		7638DAD729F180D7004F97A2 /* MainView.swift in Sources */ = {isa = PBXBuildFile; fileRef = 7638DAD629F180D7004F97A2 /* MainView.swift */; };
		7638DAD829F180D7004F97A2 /* MainView.swift in Sources */ = {isa = PBXBuildFile; fileRef = 7638DAD629F180D7004F97A2 /* MainView.swift */; };
		7638DADA29F18545004F97A2 /* QuoteItem.swift in Sources */ = {isa = PBXBuildFile; fileRef = 7638DAD929F18545004F97A2 /* QuoteItem.swift */; };
		7638DADB29F18545004F97A2 /* QuoteItem.swift in Sources */ = {isa = PBXBuildFile; fileRef = 7638DAD929F18545004F97A2 /* QuoteItem.swift */; };
		7638DADD29F1854C004F97A2 /* LearnQuote.swift in Sources */ = {isa = PBXBuildFile; fileRef = 7638DADC29F1854C004F97A2 /* LearnQuote.swift */; };
		7638DADE29F1854C004F97A2 /* LearnQuote.swift in Sources */ = {isa = PBXBuildFile; fileRef = 7638DADC29F1854C004F97A2 /* LearnQuote.swift */; };
		7638DAE029F18552004F97A2 /* DatabaseManager.swift in Sources */ = {isa = PBXBuildFile; fileRef = 7638DADF29F18551004F97A2 /* DatabaseManager.swift */; };
		7638DAE129F18552004F97A2 /* DatabaseManager.swift in Sources */ = {isa = PBXBuildFile; fileRef = 7638DADF29F18551004F97A2 /* DatabaseManager.swift */; };
		7638DAE329F18557004F97A2 /* Firebase+ModelName.swift in Sources */ = {isa = PBXBuildFile; fileRef = 7638DAE229F18557004F97A2 /* Firebase+ModelName.swift */; };
		7638DAE429F18557004F97A2 /* Firebase+ModelName.swift in Sources */ = {isa = PBXBuildFile; fileRef = 7638DAE229F18557004F97A2 /* Firebase+ModelName.swift */; };
		7638DAE729F18610004F97A2 /* FirebaseAnalytics in Frameworks */ = {isa = PBXBuildFile; productRef = 7638DAE629F18610004F97A2 /* FirebaseAnalytics */; };
		7638DAE929F18610004F97A2 /* FirebaseAnalyticsSwift in Frameworks */ = {isa = PBXBuildFile; productRef = 7638DAE829F18610004F97A2 /* FirebaseAnalyticsSwift */; };
		7638DAEB29F18610004F97A2 /* FirebaseFirestore in Frameworks */ = {isa = PBXBuildFile; productRef = 7638DAEA29F18610004F97A2 /* FirebaseFirestore */; };
		7638DAED29F18610004F97A2 /* FirebaseFirestoreSwift in Frameworks */ = {isa = PBXBuildFile; productRef = 7638DAEC29F18610004F97A2 /* FirebaseFirestoreSwift */; };
		7638DAF029F18713004F97A2 /* QuoteListView.swift in Sources */ = {isa = PBXBuildFile; fileRef = 7638DAEF29F18713004F97A2 /* QuoteListView.swift */; };
		7638DAF129F18713004F97A2 /* QuoteListView.swift in Sources */ = {isa = PBXBuildFile; fileRef = 7638DAEF29F18713004F97A2 /* QuoteListView.swift */; };
		7638DAF329F18720004F97A2 /* QuoteListViewModel.swift in Sources */ = {isa = PBXBuildFile; fileRef = 7638DAF229F18720004F97A2 /* QuoteListViewModel.swift */; };
		7638DAF429F18720004F97A2 /* QuoteListViewModel.swift in Sources */ = {isa = PBXBuildFile; fileRef = 7638DAF229F18720004F97A2 /* QuoteListViewModel.swift */; };
		7638DAF829F187F6004F97A2 /* Logger.swift in Sources */ = {isa = PBXBuildFile; fileRef = 7638DAF629F187F6004F97A2 /* Logger.swift */; };
		7638DAF929F187F6004F97A2 /* Logger.swift in Sources */ = {isa = PBXBuildFile; fileRef = 7638DAF629F187F6004F97A2 /* Logger.swift */; };
		7638DAFA29F187F6004F97A2 /* FileLogger.swift in Sources */ = {isa = PBXBuildFile; fileRef = 7638DAF729F187F6004F97A2 /* FileLogger.swift */; };
		7638DAFB29F187F6004F97A2 /* FileLogger.swift in Sources */ = {isa = PBXBuildFile; fileRef = 7638DAF729F187F6004F97A2 /* FileLogger.swift */; };
		7638DAFE29F18826004F97A2 /* Logging in Frameworks */ = {isa = PBXBuildFile; productRef = 7638DAFD29F18826004F97A2 /* Logging */; };
		7638DB0029F1892D004F97A2 /* Loadable.swift in Sources */ = {isa = PBXBuildFile; fileRef = 7638DAFF29F1892D004F97A2 /* Loadable.swift */; };
		7638DB0129F1892D004F97A2 /* Loadable.swift in Sources */ = {isa = PBXBuildFile; fileRef = 7638DAFF29F1892D004F97A2 /* Loadable.swift */; };
		7638DB0329F18F4D004F97A2 /* Publisher.swift in Sources */ = {isa = PBXBuildFile; fileRef = 7638DB0229F18F4D004F97A2 /* Publisher.swift */; };
		7638DB0429F18F4D004F97A2 /* Publisher.swift in Sources */ = {isa = PBXBuildFile; fileRef = 7638DB0229F18F4D004F97A2 /* Publisher.swift */; };
		7638DB0729F1944F004F97A2 /* ShowCardView.swift in Sources */ = {isa = PBXBuildFile; fileRef = 7638DB0629F1944F004F97A2 /* ShowCardView.swift */; };
		7638DB0829F1944F004F97A2 /* ShowCardView.swift in Sources */ = {isa = PBXBuildFile; fileRef = 7638DB0629F1944F004F97A2 /* ShowCardView.swift */; };
		7638DB0A29F1950C004F97A2 /* MockData.swift in Sources */ = {isa = PBXBuildFile; fileRef = 7638DB0929F1950C004F97A2 /* MockData.swift */; };
		7638DB0B29F1950C004F97A2 /* MockData.swift in Sources */ = {isa = PBXBuildFile; fileRef = 7638DB0929F1950C004F97A2 /* MockData.swift */; };
		7638DB0D29F19558004F97A2 /* String.swift in Sources */ = {isa = PBXBuildFile; fileRef = 7638DB0C29F19558004F97A2 /* String.swift */; };
		7638DB0E29F19558004F97A2 /* String.swift in Sources */ = {isa = PBXBuildFile; fileRef = 7638DB0C29F19558004F97A2 /* String.swift */; };
		7638DB1029F199E7004F97A2 /* HintCardView.swift in Sources */ = {isa = PBXBuildFile; fileRef = 7638DB0F29F199E7004F97A2 /* HintCardView.swift */; };
		7638DB1129F199E7004F97A2 /* HintCardView.swift in Sources */ = {isa = PBXBuildFile; fileRef = 7638DB0F29F199E7004F97A2 /* HintCardView.swift */; };
		7638DB1329F19AD3004F97A2 /* QuoteCardView.swift in Sources */ = {isa = PBXBuildFile; fileRef = 7638DB1229F19AD3004F97A2 /* QuoteCardView.swift */; };
		7638DB1429F19AD3004F97A2 /* QuoteCardView.swift in Sources */ = {isa = PBXBuildFile; fileRef = 7638DB1229F19AD3004F97A2 /* QuoteCardView.swift */; };
		763A567029F3AC550000FA80 /* LearnQuoteCardView.swift in Sources */ = {isa = PBXBuildFile; fileRef = 763A566F29F3AC550000FA80 /* LearnQuoteCardView.swift */; };
		763A567329F3AF8D0000FA80 /* AddOrUpdateQuoteView.swift in Sources */ = {isa = PBXBuildFile; fileRef = 763A567229F3AF8D0000FA80 /* AddOrUpdateQuoteView.swift */; };
		763A567429F3AF8D0000FA80 /* AddOrUpdateQuoteView.swift in Sources */ = {isa = PBXBuildFile; fileRef = 763A567229F3AF8D0000FA80 /* AddOrUpdateQuoteView.swift */; };
		763A567629F3AF950000FA80 /* AddOrUpdateQuoteViewModel.swift in Sources */ = {isa = PBXBuildFile; fileRef = 763A567529F3AF950000FA80 /* AddOrUpdateQuoteViewModel.swift */; };
		763A567729F3AF950000FA80 /* AddOrUpdateQuoteViewModel.swift in Sources */ = {isa = PBXBuildFile; fileRef = 763A567529F3AF950000FA80 /* AddOrUpdateQuoteViewModel.swift */; };
		763A567929F3B65B0000FA80 /* NewQuoteContent.swift in Sources */ = {isa = PBXBuildFile; fileRef = 763A567829F3B65B0000FA80 /* NewQuoteContent.swift */; };
		763A567A29F3B65B0000FA80 /* NewQuoteContent.swift in Sources */ = {isa = PBXBuildFile; fileRef = 763A567829F3B65B0000FA80 /* NewQuoteContent.swift */; };
		763A567F29F3DA210000FA80 /* UIApplication.swift in Sources */ = {isa = PBXBuildFile; fileRef = 763A567E29F3DA210000FA80 /* UIApplication.swift */; };
		763A568029F3DA210000FA80 /* UIApplication.swift in Sources */ = {isa = PBXBuildFile; fileRef = 763A567E29F3DA210000FA80 /* UIApplication.swift */; };
/* End PBXBuildFile section */

/* Begin PBXContainerItemProxy section */
		7638DA9A29F16967004F97A2 /* PBXContainerItemProxy */ = {
			isa = PBXContainerItemProxy;
			containerPortal = 7638DA8029F16966004F97A2 /* Project object */;
			proxyType = 1;
			remoteGlobalIDString = 7638DA8729F16966004F97A2;
			remoteInfo = "EQuotes-MVVM";
		};
/* End PBXContainerItemProxy section */

/* Begin PBXFileReference section */
		7607ABAE29F2095700E26A53 /* CardStyleViewModifier.swift */ = {isa = PBXFileReference; lastKnownFileType = sourcecode.swift; path = CardStyleViewModifier.swift; sourceTree = "<group>"; };
		7607ABB129F219E600E26A53 /* LearnListView.swift */ = {isa = PBXFileReference; lastKnownFileType = sourcecode.swift; path = LearnListView.swift; sourceTree = "<group>"; };
		7607ABB329F219F200E26A53 /* LearnListViewModel.swift */ = {isa = PBXFileReference; lastKnownFileType = sourcecode.swift; path = LearnListViewModel.swift; sourceTree = "<group>"; };
		7607ABB529F23D3C00E26A53 /* UserDefaultsWrapper.swift */ = {isa = PBXFileReference; lastKnownFileType = sourcecode.swift; path = UserDefaultsWrapper.swift; sourceTree = "<group>"; };
		7638DA8829F16966004F97A2 /* EQuotes-MVVM.app */ = {isa = PBXFileReference; explicitFileType = wrapper.application; includeInIndex = 0; path = "EQuotes-MVVM.app"; sourceTree = BUILT_PRODUCTS_DIR; };
		7638DA8B29F16966004F97A2 /* EQuotes_MVVMApp.swift */ = {isa = PBXFileReference; lastKnownFileType = sourcecode.swift; path = EQuotes_MVVMApp.swift; sourceTree = "<group>"; };
		7638DA8D29F16966004F97A2 /* ContentView.swift */ = {isa = PBXFileReference; lastKnownFileType = sourcecode.swift; path = ContentView.swift; sourceTree = "<group>"; };
		7638DA8F29F16967004F97A2 /* Assets.xcassets */ = {isa = PBXFileReference; lastKnownFileType = folder.assetcatalog; path = Assets.xcassets; sourceTree = "<group>"; };
		7638DA9129F16967004F97A2 /* EQuotes_MVVM.entitlements */ = {isa = PBXFileReference; lastKnownFileType = text.plist.entitlements; path = EQuotes_MVVM.entitlements; sourceTree = "<group>"; };
		7638DA9329F16967004F97A2 /* Preview Assets.xcassets */ = {isa = PBXFileReference; lastKnownFileType = folder.assetcatalog; path = "Preview Assets.xcassets"; sourceTree = "<group>"; };
		7638DA9929F16967004F97A2 /* EQuotes-MVVMTests.xctest */ = {isa = PBXFileReference; explicitFileType = wrapper.cfbundle; includeInIndex = 0; path = "EQuotes-MVVMTests.xctest"; sourceTree = BUILT_PRODUCTS_DIR; };
		7638DA9D29F16967004F97A2 /* EQuotes_MVVMTests.swift */ = {isa = PBXFileReference; lastKnownFileType = sourcecode.swift; path = EQuotes_MVVMTests.swift; sourceTree = "<group>"; };
		7638DABD29F16C64004F97A2 /* GoogleService-Info.plist */ = {isa = PBXFileReference; fileEncoding = 4; lastKnownFileType = text.plist.xml; path = "GoogleService-Info.plist"; sourceTree = "<group>"; };
		7638DAC529F1722C004F97A2 /* Color.swift */ = {isa = PBXFileReference; lastKnownFileType = sourcecode.swift; path = Color.swift; sourceTree = "<group>"; };
		7638DAC729F173C0004F97A2 /* GradientView.swift */ = {isa = PBXFileReference; fileEncoding = 4; lastKnownFileType = sourcecode.swift; path = GradientView.swift; sourceTree = "<group>"; };
		7638DACE29F1764F004F97A2 /* AnimatedMenuButton.swift */ = {isa = PBXFileReference; lastKnownFileType = sourcecode.swift; path = AnimatedMenuButton.swift; sourceTree = "<group>"; };
		7638DAD629F180D7004F97A2 /* MainView.swift */ = {isa = PBXFileReference; lastKnownFileType = sourcecode.swift; path = MainView.swift; sourceTree = "<group>"; };
		7638DAD929F18545004F97A2 /* QuoteItem.swift */ = {isa = PBXFileReference; fileEncoding = 4; lastKnownFileType = sourcecode.swift; path = QuoteItem.swift; sourceTree = "<group>"; };
		7638DADC29F1854C004F97A2 /* LearnQuote.swift */ = {isa = PBXFileReference; fileEncoding = 4; lastKnownFileType = sourcecode.swift; path = LearnQuote.swift; sourceTree = "<group>"; };
		7638DADF29F18551004F97A2 /* DatabaseManager.swift */ = {isa = PBXFileReference; fileEncoding = 4; lastKnownFileType = sourcecode.swift; path = DatabaseManager.swift; sourceTree = "<group>"; };
		7638DAE229F18557004F97A2 /* Firebase+ModelName.swift */ = {isa = PBXFileReference; fileEncoding = 4; lastKnownFileType = sourcecode.swift; path = "Firebase+ModelName.swift"; sourceTree = "<group>"; };
		7638DAEF29F18713004F97A2 /* QuoteListView.swift */ = {isa = PBXFileReference; lastKnownFileType = sourcecode.swift; path = QuoteListView.swift; sourceTree = "<group>"; };
		7638DAF229F18720004F97A2 /* QuoteListViewModel.swift */ = {isa = PBXFileReference; lastKnownFileType = sourcecode.swift; path = QuoteListViewModel.swift; sourceTree = "<group>"; };
		7638DAF629F187F6004F97A2 /* Logger.swift */ = {isa = PBXFileReference; fileEncoding = 4; lastKnownFileType = sourcecode.swift; path = Logger.swift; sourceTree = "<group>"; };
		7638DAF729F187F6004F97A2 /* FileLogger.swift */ = {isa = PBXFileReference; fileEncoding = 4; lastKnownFileType = sourcecode.swift; path = FileLogger.swift; sourceTree = "<group>"; };
		7638DAFF29F1892D004F97A2 /* Loadable.swift */ = {isa = PBXFileReference; fileEncoding = 4; lastKnownFileType = sourcecode.swift; path = Loadable.swift; sourceTree = "<group>"; };
		7638DB0229F18F4D004F97A2 /* Publisher.swift */ = {isa = PBXFileReference; lastKnownFileType = sourcecode.swift; path = Publisher.swift; sourceTree = "<group>"; };
		7638DB0629F1944F004F97A2 /* ShowCardView.swift */ = {isa = PBXFileReference; lastKnownFileType = sourcecode.swift; path = ShowCardView.swift; sourceTree = "<group>"; };
		7638DB0929F1950C004F97A2 /* MockData.swift */ = {isa = PBXFileReference; lastKnownFileType = sourcecode.swift; path = MockData.swift; sourceTree = "<group>"; };
		7638DB0C29F19558004F97A2 /* String.swift */ = {isa = PBXFileReference; lastKnownFileType = sourcecode.swift; path = String.swift; sourceTree = "<group>"; };
		7638DB0F29F199E7004F97A2 /* HintCardView.swift */ = {isa = PBXFileReference; lastKnownFileType = sourcecode.swift; path = HintCardView.swift; sourceTree = "<group>"; };
		7638DB1229F19AD3004F97A2 /* QuoteCardView.swift */ = {isa = PBXFileReference; lastKnownFileType = sourcecode.swift; path = QuoteCardView.swift; sourceTree = "<group>"; };
		763A566F29F3AC550000FA80 /* LearnQuoteCardView.swift */ = {isa = PBXFileReference; lastKnownFileType = sourcecode.swift; path = LearnQuoteCardView.swift; sourceTree = "<group>"; };
		763A567229F3AF8D0000FA80 /* AddOrUpdateQuoteView.swift */ = {isa = PBXFileReference; lastKnownFileType = sourcecode.swift; path = AddOrUpdateQuoteView.swift; sourceTree = "<group>"; };
		763A567529F3AF950000FA80 /* AddOrUpdateQuoteViewModel.swift */ = {isa = PBXFileReference; lastKnownFileType = sourcecode.swift; path = AddOrUpdateQuoteViewModel.swift; sourceTree = "<group>"; };
		763A567829F3B65B0000FA80 /* NewQuoteContent.swift */ = {isa = PBXFileReference; lastKnownFileType = sourcecode.swift; path = NewQuoteContent.swift; sourceTree = "<group>"; };
		763A567E29F3DA210000FA80 /* UIApplication.swift */ = {isa = PBXFileReference; lastKnownFileType = sourcecode.swift; path = UIApplication.swift; sourceTree = "<group>"; };
/* End PBXFileReference section */

/* Begin PBXFrameworksBuildPhase section */
		7638DA8529F16966004F97A2 /* Frameworks */ = {
			isa = PBXFrameworksBuildPhase;
			buildActionMask = 2147483647;
			files = (
				7638DAE929F18610004F97A2 /* FirebaseAnalyticsSwift in Frameworks */,
				7638DAE729F18610004F97A2 /* FirebaseAnalytics in Frameworks */,
				7638DAEB29F18610004F97A2 /* FirebaseFirestore in Frameworks */,
				7638DAED29F18610004F97A2 /* FirebaseFirestoreSwift in Frameworks */,
				7638DAFE29F18826004F97A2 /* Logging in Frameworks */,
			);
			runOnlyForDeploymentPostprocessing = 0;
		};
		7638DA9629F16967004F97A2 /* Frameworks */ = {
			isa = PBXFrameworksBuildPhase;
			buildActionMask = 2147483647;
			files = (
			);
			runOnlyForDeploymentPostprocessing = 0;
		};
/* End PBXFrameworksBuildPhase section */

/* Begin PBXGroup section */
		7607ABB029F219D500E26A53 /* LearnList */ = {
			isa = PBXGroup;
			children = (
				7607ABB129F219E600E26A53 /* LearnListView.swift */,
				7607ABB329F219F200E26A53 /* LearnListViewModel.swift */,
			);
			path = LearnList;
			sourceTree = "<group>";
		};
		7638DA7F29F16966004F97A2 = {
			isa = PBXGroup;
			children = (
				7638DA8A29F16966004F97A2 /* EQuotes-MVVM */,
				7638DA9C29F16967004F97A2 /* EQuotes-MVVMTests */,
				7638DA8929F16966004F97A2 /* Products */,
			);
			sourceTree = "<group>";
		};
		7638DA8929F16966004F97A2 /* Products */ = {
			isa = PBXGroup;
			children = (
				7638DA8829F16966004F97A2 /* EQuotes-MVVM.app */,
				7638DA9929F16967004F97A2 /* EQuotes-MVVMTests.xctest */,
			);
			name = Products;
			sourceTree = "<group>";
		};
		7638DA8A29F16966004F97A2 /* EQuotes-MVVM */ = {
			isa = PBXGroup;
			children = (
				7638DAC429F171F2004F97A2 /* Utilities */,
				7638DABF29F171C9004F97A2 /* Extensions */,
				7638DAC229F171E2004F97A2 /* Components */,
				7638DAC329F171E8004F97A2 /* Modules */,
				7638DAC129F171DD004F97A2 /* Models */,
				7638DAC029F171D2004F97A2 /* Gateways */,
				7638DABD29F16C64004F97A2 /* GoogleService-Info.plist */,
				7638DA8B29F16966004F97A2 /* EQuotes_MVVMApp.swift */,
				7638DA8D29F16966004F97A2 /* ContentView.swift */,
				7638DA8F29F16967004F97A2 /* Assets.xcassets */,
				7638DA9129F16967004F97A2 /* EQuotes_MVVM.entitlements */,
				7638DA9229F16967004F97A2 /* Preview Content */,
			);
			path = "EQuotes-MVVM";
			sourceTree = "<group>";
		};
		7638DA9229F16967004F97A2 /* Preview Content */ = {
			isa = PBXGroup;
			children = (
				7638DA9329F16967004F97A2 /* Preview Assets.xcassets */,
			);
			path = "Preview Content";
			sourceTree = "<group>";
		};
		7638DA9C29F16967004F97A2 /* EQuotes-MVVMTests */ = {
			isa = PBXGroup;
			children = (
				7638DA9D29F16967004F97A2 /* EQuotes_MVVMTests.swift */,
			);
			path = "EQuotes-MVVMTests";
			sourceTree = "<group>";
		};
		7638DABF29F171C9004F97A2 /* Extensions */ = {
			isa = PBXGroup;
			children = (
				7638DAC529F1722C004F97A2 /* Color.swift */,
				7638DB0229F18F4D004F97A2 /* Publisher.swift */,
				7638DB0C29F19558004F97A2 /* String.swift */,
				763A567E29F3DA210000FA80 /* UIApplication.swift */,
			);
			path = Extensions;
			sourceTree = "<group>";
		};
		7638DAC029F171D2004F97A2 /* Gateways */ = {
			isa = PBXGroup;
			children = (
			);
			path = Gateways;
			sourceTree = "<group>";
		};
		7638DAC129F171DD004F97A2 /* Models */ = {
			isa = PBXGroup;
			children = (
				7638DADF29F18551004F97A2 /* DatabaseManager.swift */,
				7638DAE229F18557004F97A2 /* Firebase+ModelName.swift */,
				7638DAD929F18545004F97A2 /* QuoteItem.swift */,
				7638DADC29F1854C004F97A2 /* LearnQuote.swift */,
			);
			path = Models;
			sourceTree = "<group>";
		};
		7638DAC229F171E2004F97A2 /* Components */ = {
			isa = PBXGroup;
			children = (
				7638DB0529F1943D004F97A2 /* QuoteCardView */,
				7638DAC729F173C0004F97A2 /* GradientView.swift */,
				7638DACE29F1764F004F97A2 /* AnimatedMenuButton.swift */,
			);
			path = Components;
			sourceTree = "<group>";
		};
		7638DAC329F171E8004F97A2 /* Modules */ = {
			isa = PBXGroup;
			children = (
				7638DAD529F180CA004F97A2 /* Main */,
				763A567129F3AF650000FA80 /* Add or Update Quote */,
			);
			path = Modules;
			sourceTree = "<group>";
		};
		7638DAC429F171F2004F97A2 /* Utilities */ = {
			isa = PBXGroup;
			children = (
				7638DAFF29F1892D004F97A2 /* Loadable.swift */,
				7638DAF529F187F6004F97A2 /* Logger */,
				7638DB0929F1950C004F97A2 /* MockData.swift */,
				7607ABB529F23D3C00E26A53 /* UserDefaultsWrapper.swift */,
			);
			path = Utilities;
			sourceTree = "<group>";
		};
		7638DAD529F180CA004F97A2 /* Main */ = {
			isa = PBXGroup;
			children = (
				7638DAD629F180D7004F97A2 /* MainView.swift */,
				7638DAEE29F18704004F97A2 /* QuoteList */,
				7607ABB029F219D500E26A53 /* LearnList */,
			);
			path = Main;
			sourceTree = "<group>";
		};
		7638DAEE29F18704004F97A2 /* QuoteList */ = {
			isa = PBXGroup;
			children = (
				7638DAEF29F18713004F97A2 /* QuoteListView.swift */,
				7638DAF229F18720004F97A2 /* QuoteListViewModel.swift */,
			);
			path = QuoteList;
			sourceTree = "<group>";
		};
		7638DAF529F187F6004F97A2 /* Logger */ = {
			isa = PBXGroup;
			children = (
				7638DAF629F187F6004F97A2 /* Logger.swift */,
				7638DAF729F187F6004F97A2 /* FileLogger.swift */,
			);
			path = Logger;
			sourceTree = "<group>";
		};
		7638DB0529F1943D004F97A2 /* QuoteCardView */ = {
			isa = PBXGroup;
			children = (
				7638DB1229F19AD3004F97A2 /* QuoteCardView.swift */,
				763A566F29F3AC550000FA80 /* LearnQuoteCardView.swift */,
				7638DB0629F1944F004F97A2 /* ShowCardView.swift */,
				7638DB0F29F199E7004F97A2 /* HintCardView.swift */,
				7607ABAE29F2095700E26A53 /* CardStyleViewModifier.swift */,
			);
			path = QuoteCardView;
			sourceTree = "<group>";
		};
		763A567129F3AF650000FA80 /* Add or Update Quote */ = {
			isa = PBXGroup;
			children = (
				763A567229F3AF8D0000FA80 /* AddOrUpdateQuoteView.swift */,
				763A567529F3AF950000FA80 /* AddOrUpdateQuoteViewModel.swift */,
				763A567829F3B65B0000FA80 /* NewQuoteContent.swift */,
			);
			path = "Add or Update Quote";
			sourceTree = "<group>";
		};
/* End PBXGroup section */

/* Begin PBXNativeTarget section */
		7638DA8729F16966004F97A2 /* EQuotes-MVVM */ = {
			isa = PBXNativeTarget;
			buildConfigurationList = 7638DAAD29F16967004F97A2 /* Build configuration list for PBXNativeTarget "EQuotes-MVVM" */;
			buildPhases = (
				7638DA8429F16966004F97A2 /* Sources */,
				7638DA8529F16966004F97A2 /* Frameworks */,
				7638DA8629F16966004F97A2 /* Resources */,
			);
			buildRules = (
			);
			dependencies = (
			);
			name = "EQuotes-MVVM";
			packageProductDependencies = (
				7638DAE629F18610004F97A2 /* FirebaseAnalytics */,
				7638DAE829F18610004F97A2 /* FirebaseAnalyticsSwift */,
				7638DAEA29F18610004F97A2 /* FirebaseFirestore */,
				7638DAEC29F18610004F97A2 /* FirebaseFirestoreSwift */,
				7638DAFD29F18826004F97A2 /* Logging */,
			);
			productName = "EQuotes-MVVM";
			productReference = 7638DA8829F16966004F97A2 /* EQuotes-MVVM.app */;
			productType = "com.apple.product-type.application";
		};
		7638DA9829F16967004F97A2 /* EQuotes-MVVMTests */ = {
			isa = PBXNativeTarget;
			buildConfigurationList = 7638DAB029F16967004F97A2 /* Build configuration list for PBXNativeTarget "EQuotes-MVVMTests" */;
			buildPhases = (
				7638DA9529F16967004F97A2 /* Sources */,
				7638DA9629F16967004F97A2 /* Frameworks */,
				7638DA9729F16967004F97A2 /* Resources */,
			);
			buildRules = (
			);
			dependencies = (
				7638DA9B29F16967004F97A2 /* PBXTargetDependency */,
			);
			name = "EQuotes-MVVMTests";
			productName = "EQuotes-MVVMTests";
			productReference = 7638DA9929F16967004F97A2 /* EQuotes-MVVMTests.xctest */;
			productType = "com.apple.product-type.bundle.unit-test";
		};
/* End PBXNativeTarget section */

/* Begin PBXProject section */
		7638DA8029F16966004F97A2 /* Project object */ = {
			isa = PBXProject;
			attributes = {
				BuildIndependentTargetsInParallel = 1;
				LastSwiftUpdateCheck = 1430;
				LastUpgradeCheck = 1430;
				TargetAttributes = {
					7638DA8729F16966004F97A2 = {
						CreatedOnToolsVersion = 14.3;
					};
					7638DA9829F16967004F97A2 = {
						CreatedOnToolsVersion = 14.3;
						TestTargetID = 7638DA8729F16966004F97A2;
					};
				};
			};
			buildConfigurationList = 7638DA8329F16966004F97A2 /* Build configuration list for PBXProject "EQuotes-MVVM" */;
			compatibilityVersion = "Xcode 14.0";
			developmentRegion = en;
			hasScannedForEncodings = 0;
			knownRegions = (
				en,
				Base,
			);
			mainGroup = 7638DA7F29F16966004F97A2;
			packageReferences = (
				7638DAE529F18610004F97A2 /* XCRemoteSwiftPackageReference "firebase-ios-sdk" */,
				7638DAFC29F18826004F97A2 /* XCRemoteSwiftPackageReference "swift-log" */,
			);
			productRefGroup = 7638DA8929F16966004F97A2 /* Products */;
			projectDirPath = "";
			projectRoot = "";
			targets = (
				7638DA8729F16966004F97A2 /* EQuotes-MVVM */,
				7638DA9829F16967004F97A2 /* EQuotes-MVVMTests */,
			);
		};
/* End PBXProject section */

/* Begin PBXResourcesBuildPhase section */
		7638DA8629F16966004F97A2 /* Resources */ = {
			isa = PBXResourcesBuildPhase;
			buildActionMask = 2147483647;
			files = (
				7638DA9429F16967004F97A2 /* Preview Assets.xcassets in Resources */,
				7638DA9029F16967004F97A2 /* Assets.xcassets in Resources */,
				7638DABE29F16C65004F97A2 /* GoogleService-Info.plist in Resources */,
			);
			runOnlyForDeploymentPostprocessing = 0;
		};
		7638DA9729F16967004F97A2 /* Resources */ = {
			isa = PBXResourcesBuildPhase;
			buildActionMask = 2147483647;
			files = (
			);
			runOnlyForDeploymentPostprocessing = 0;
		};
/* End PBXResourcesBuildPhase section */

/* Begin PBXSourcesBuildPhase section */
		7638DA8429F16966004F97A2 /* Sources */ = {
			isa = PBXSourcesBuildPhase;
			buildActionMask = 2147483647;
			files = (
				7638DB0D29F19558004F97A2 /* String.swift in Sources */,
				7638DA8E29F16966004F97A2 /* ContentView.swift in Sources */,
				763A567629F3AF950000FA80 /* AddOrUpdateQuoteViewModel.swift in Sources */,
				7638DAD729F180D7004F97A2 /* MainView.swift in Sources */,
				7607ABAF29F2095700E26A53 /* CardStyleViewModifier.swift in Sources */,
				7638DB1029F199E7004F97A2 /* HintCardView.swift in Sources */,
				7638DB1329F19AD3004F97A2 /* QuoteCardView.swift in Sources */,
				7607ABB629F23D3C00E26A53 /* UserDefaultsWrapper.swift in Sources */,
				7638DA8C29F16966004F97A2 /* EQuotes_MVVMApp.swift in Sources */,
				763A567F29F3DA210000FA80 /* UIApplication.swift in Sources */,
				7638DADD29F1854C004F97A2 /* LearnQuote.swift in Sources */,
				7638DACF29F1764F004F97A2 /* AnimatedMenuButton.swift in Sources */,
				763A567329F3AF8D0000FA80 /* AddOrUpdateQuoteView.swift in Sources */,
				7638DAF329F18720004F97A2 /* QuoteListViewModel.swift in Sources */,
				7638DADA29F18545004F97A2 /* QuoteItem.swift in Sources */,
				7638DAC829F173C0004F97A2 /* GradientView.swift in Sources */,
				7638DB0329F18F4D004F97A2 /* Publisher.swift in Sources */,
				7638DAE329F18557004F97A2 /* Firebase+ModelName.swift in Sources */,
				7638DAF829F187F6004F97A2 /* Logger.swift in Sources */,
				763A567029F3AC550000FA80 /* LearnQuoteCardView.swift in Sources */,
				7638DAF029F18713004F97A2 /* QuoteListView.swift in Sources */,
				7638DAC629F1722C004F97A2 /* Color.swift in Sources */,
				7638DB0A29F1950C004F97A2 /* MockData.swift in Sources */,
				7607ABB229F219E600E26A53 /* LearnListView.swift in Sources */,
				7638DB0729F1944F004F97A2 /* ShowCardView.swift in Sources */,
				7638DAE029F18552004F97A2 /* DatabaseManager.swift in Sources */,
				7607ABB429F219F200E26A53 /* LearnListViewModel.swift in Sources */,
				7638DAFA29F187F6004F97A2 /* FileLogger.swift in Sources */,
				763A567929F3B65B0000FA80 /* NewQuoteContent.swift in Sources */,
				7638DB0029F1892D004F97A2 /* Loadable.swift in Sources */,
			);
			runOnlyForDeploymentPostprocessing = 0;
		};
		7638DA9529F16967004F97A2 /* Sources */ = {
			isa = PBXSourcesBuildPhase;
			buildActionMask = 2147483647;
			files = (
				763A568029F3DA210000FA80 /* UIApplication.swift in Sources */,
				763A567429F3AF8D0000FA80 /* AddOrUpdateQuoteView.swift in Sources */,
				7638DADB29F18545004F97A2 /* QuoteItem.swift in Sources */,
				763A567729F3AF950000FA80 /* AddOrUpdateQuoteViewModel.swift in Sources */,
				7638DB1129F199E7004F97A2 /* HintCardView.swift in Sources */,
				7638DAF929F187F6004F97A2 /* Logger.swift in Sources */,
				7638DAE429F18557004F97A2 /* Firebase+ModelName.swift in Sources */,
				7638DAFB29F187F6004F97A2 /* FileLogger.swift in Sources */,
				763A567A29F3B65B0000FA80 /* NewQuoteContent.swift in Sources */,
				7638DB0129F1892D004F97A2 /* Loadable.swift in Sources */,
				7638DAF129F18713004F97A2 /* QuoteListView.swift in Sources */,
				7638DB0429F18F4D004F97A2 /* Publisher.swift in Sources */,
				7638DAF429F18720004F97A2 /* QuoteListViewModel.swift in Sources */,
				7638DAD029F1764F004F97A2 /* AnimatedMenuButton.swift in Sources */,
				7638DAD829F180D7004F97A2 /* MainView.swift in Sources */,
				7638DADE29F1854C004F97A2 /* LearnQuote.swift in Sources */,
				7638DAC929F173C0004F97A2 /* GradientView.swift in Sources */,
				7638DA9E29F16967004F97A2 /* EQuotes_MVVMTests.swift in Sources */,
				7638DB1429F19AD3004F97A2 /* QuoteCardView.swift in Sources */,
				7638DB0B29F1950C004F97A2 /* MockData.swift in Sources */,
				7638DB0E29F19558004F97A2 /* String.swift in Sources */,
				7638DAE129F18552004F97A2 /* DatabaseManager.swift in Sources */,
				7638DB0829F1944F004F97A2 /* ShowCardView.swift in Sources */,
			);
			runOnlyForDeploymentPostprocessing = 0;
		};
/* End PBXSourcesBuildPhase section */

/* Begin PBXTargetDependency section */
		7638DA9B29F16967004F97A2 /* PBXTargetDependency */ = {
			isa = PBXTargetDependency;
			target = 7638DA8729F16966004F97A2 /* EQuotes-MVVM */;
			targetProxy = 7638DA9A29F16967004F97A2 /* PBXContainerItemProxy */;
		};
/* End PBXTargetDependency section */

/* Begin XCBuildConfiguration section */
		7638DAAB29F16967004F97A2 /* Debug */ = {
			isa = XCBuildConfiguration;
			buildSettings = {
				ALWAYS_SEARCH_USER_PATHS = NO;
				CLANG_ANALYZER_NONNULL = YES;
				CLANG_ANALYZER_NUMBER_OBJECT_CONVERSION = YES_AGGRESSIVE;
				CLANG_CXX_LANGUAGE_STANDARD = "gnu++20";
				CLANG_ENABLE_MODULES = YES;
				CLANG_ENABLE_OBJC_ARC = YES;
				CLANG_ENABLE_OBJC_WEAK = YES;
				CLANG_WARN_BLOCK_CAPTURE_AUTORELEASING = YES;
				CLANG_WARN_BOOL_CONVERSION = YES;
				CLANG_WARN_COMMA = YES;
				CLANG_WARN_CONSTANT_CONVERSION = YES;
				CLANG_WARN_DEPRECATED_OBJC_IMPLEMENTATIONS = YES;
				CLANG_WARN_DIRECT_OBJC_ISA_USAGE = YES_ERROR;
				CLANG_WARN_DOCUMENTATION_COMMENTS = YES;
				CLANG_WARN_EMPTY_BODY = YES;
				CLANG_WARN_ENUM_CONVERSION = YES;
				CLANG_WARN_INFINITE_RECURSION = YES;
				CLANG_WARN_INT_CONVERSION = YES;
				CLANG_WARN_NON_LITERAL_NULL_CONVERSION = YES;
				CLANG_WARN_OBJC_IMPLICIT_RETAIN_SELF = YES;
				CLANG_WARN_OBJC_LITERAL_CONVERSION = YES;
				CLANG_WARN_OBJC_ROOT_CLASS = YES_ERROR;
				CLANG_WARN_QUOTED_INCLUDE_IN_FRAMEWORK_HEADER = YES;
				CLANG_WARN_RANGE_LOOP_ANALYSIS = YES;
				CLANG_WARN_STRICT_PROTOTYPES = YES;
				CLANG_WARN_SUSPICIOUS_MOVE = YES;
				CLANG_WARN_UNGUARDED_AVAILABILITY = YES_AGGRESSIVE;
				CLANG_WARN_UNREACHABLE_CODE = YES;
				CLANG_WARN__DUPLICATE_METHOD_MATCH = YES;
				COPY_PHASE_STRIP = NO;
				DEBUG_INFORMATION_FORMAT = dwarf;
				ENABLE_STRICT_OBJC_MSGSEND = YES;
				ENABLE_TESTABILITY = YES;
				GCC_C_LANGUAGE_STANDARD = gnu11;
				GCC_DYNAMIC_NO_PIC = NO;
				GCC_NO_COMMON_BLOCKS = YES;
				GCC_OPTIMIZATION_LEVEL = 0;
				GCC_PREPROCESSOR_DEFINITIONS = (
					"DEBUG=1",
					"$(inherited)",
				);
				GCC_WARN_64_TO_32_BIT_CONVERSION = YES;
				GCC_WARN_ABOUT_RETURN_TYPE = YES_ERROR;
				GCC_WARN_UNDECLARED_SELECTOR = YES;
				GCC_WARN_UNINITIALIZED_AUTOS = YES_AGGRESSIVE;
				GCC_WARN_UNUSED_FUNCTION = YES;
				GCC_WARN_UNUSED_VARIABLE = YES;
				MTL_ENABLE_DEBUG_INFO = INCLUDE_SOURCE;
				MTL_FAST_MATH = YES;
				ONLY_ACTIVE_ARCH = YES;
				SWIFT_ACTIVE_COMPILATION_CONDITIONS = DEBUG;
				SWIFT_OPTIMIZATION_LEVEL = "-Onone";
			};
			name = Debug;
		};
		7638DAAC29F16967004F97A2 /* Release */ = {
			isa = XCBuildConfiguration;
			buildSettings = {
				ALWAYS_SEARCH_USER_PATHS = NO;
				CLANG_ANALYZER_NONNULL = YES;
				CLANG_ANALYZER_NUMBER_OBJECT_CONVERSION = YES_AGGRESSIVE;
				CLANG_CXX_LANGUAGE_STANDARD = "gnu++20";
				CLANG_ENABLE_MODULES = YES;
				CLANG_ENABLE_OBJC_ARC = YES;
				CLANG_ENABLE_OBJC_WEAK = YES;
				CLANG_WARN_BLOCK_CAPTURE_AUTORELEASING = YES;
				CLANG_WARN_BOOL_CONVERSION = YES;
				CLANG_WARN_COMMA = YES;
				CLANG_WARN_CONSTANT_CONVERSION = YES;
				CLANG_WARN_DEPRECATED_OBJC_IMPLEMENTATIONS = YES;
				CLANG_WARN_DIRECT_OBJC_ISA_USAGE = YES_ERROR;
				CLANG_WARN_DOCUMENTATION_COMMENTS = YES;
				CLANG_WARN_EMPTY_BODY = YES;
				CLANG_WARN_ENUM_CONVERSION = YES;
				CLANG_WARN_INFINITE_RECURSION = YES;
				CLANG_WARN_INT_CONVERSION = YES;
				CLANG_WARN_NON_LITERAL_NULL_CONVERSION = YES;
				CLANG_WARN_OBJC_IMPLICIT_RETAIN_SELF = YES;
				CLANG_WARN_OBJC_LITERAL_CONVERSION = YES;
				CLANG_WARN_OBJC_ROOT_CLASS = YES_ERROR;
				CLANG_WARN_QUOTED_INCLUDE_IN_FRAMEWORK_HEADER = YES;
				CLANG_WARN_RANGE_LOOP_ANALYSIS = YES;
				CLANG_WARN_STRICT_PROTOTYPES = YES;
				CLANG_WARN_SUSPICIOUS_MOVE = YES;
				CLANG_WARN_UNGUARDED_AVAILABILITY = YES_AGGRESSIVE;
				CLANG_WARN_UNREACHABLE_CODE = YES;
				CLANG_WARN__DUPLICATE_METHOD_MATCH = YES;
				COPY_PHASE_STRIP = NO;
				DEBUG_INFORMATION_FORMAT = "dwarf-with-dsym";
				ENABLE_NS_ASSERTIONS = NO;
				ENABLE_STRICT_OBJC_MSGSEND = YES;
				GCC_C_LANGUAGE_STANDARD = gnu11;
				GCC_NO_COMMON_BLOCKS = YES;
				GCC_WARN_64_TO_32_BIT_CONVERSION = YES;
				GCC_WARN_ABOUT_RETURN_TYPE = YES_ERROR;
				GCC_WARN_UNDECLARED_SELECTOR = YES;
				GCC_WARN_UNINITIALIZED_AUTOS = YES_AGGRESSIVE;
				GCC_WARN_UNUSED_FUNCTION = YES;
				GCC_WARN_UNUSED_VARIABLE = YES;
				MTL_ENABLE_DEBUG_INFO = NO;
				MTL_FAST_MATH = YES;
				SWIFT_COMPILATION_MODE = wholemodule;
				SWIFT_OPTIMIZATION_LEVEL = "-O";
			};
			name = Release;
		};
		7638DAAE29F16967004F97A2 /* Debug */ = {
			isa = XCBuildConfiguration;
			buildSettings = {
				ASSETCATALOG_COMPILER_APPICON_NAME = AppIcon;
				ASSETCATALOG_COMPILER_GLOBAL_ACCENT_COLOR_NAME = AccentColor;
				CODE_SIGN_ENTITLEMENTS = "EQuotes-MVVM/EQuotes_MVVM.entitlements";
				CODE_SIGN_STYLE = Automatic;
				CURRENT_PROJECT_VERSION = 1;
				DEVELOPMENT_ASSET_PATHS = "\"EQuotes-MVVM/Preview Content\"";
				DEVELOPMENT_TEAM = 8YDWDP2ZVW;
				ENABLE_HARDENED_RUNTIME = YES;
				ENABLE_PREVIEWS = YES;
				GENERATE_INFOPLIST_FILE = YES;
				"INFOPLIST_KEY_UIApplicationSceneManifest_Generation[sdk=iphoneos*]" = YES;
				"INFOPLIST_KEY_UIApplicationSceneManifest_Generation[sdk=iphonesimulator*]" = YES;
				"INFOPLIST_KEY_UIApplicationSupportsIndirectInputEvents[sdk=iphoneos*]" = YES;
				"INFOPLIST_KEY_UIApplicationSupportsIndirectInputEvents[sdk=iphonesimulator*]" = YES;
				"INFOPLIST_KEY_UILaunchScreen_Generation[sdk=iphoneos*]" = YES;
				"INFOPLIST_KEY_UILaunchScreen_Generation[sdk=iphonesimulator*]" = YES;
				"INFOPLIST_KEY_UIStatusBarStyle[sdk=iphoneos*]" = UIStatusBarStyleDefault;
				"INFOPLIST_KEY_UIStatusBarStyle[sdk=iphonesimulator*]" = UIStatusBarStyleDefault;
				INFOPLIST_KEY_UISupportedInterfaceOrientations = UIInterfaceOrientationPortrait;
				INFOPLIST_KEY_UISupportedInterfaceOrientations_iPad = "UIInterfaceOrientationLandscapeLeft UIInterfaceOrientationLandscapeRight UIInterfaceOrientationPortrait UIInterfaceOrientationPortraitUpsideDown";
				IPHONEOS_DEPLOYMENT_TARGET = 16.4;
				LD_RUNPATH_SEARCH_PATHS = "@executable_path/Frameworks";
				"LD_RUNPATH_SEARCH_PATHS[sdk=macosx*]" = "@executable_path/../Frameworks";
				MACOSX_DEPLOYMENT_TARGET = 13.2;
				MARKETING_VERSION = 1.0;
				PRODUCT_BUNDLE_IDENTIFIER = "com.thuyentruong.EQuotes-MVVM";
				PRODUCT_NAME = "$(TARGET_NAME)";
				SDKROOT = auto;
				SUPPORTED_PLATFORMS = "iphoneos iphonesimulator macosx";
				SWIFT_EMIT_LOC_STRINGS = YES;
				SWIFT_VERSION = 5.0;
				TARGETED_DEVICE_FAMILY = "1,2";
			};
			name = Debug;
		};
		7638DAAF29F16967004F97A2 /* Release */ = {
			isa = XCBuildConfiguration;
			buildSettings = {
				ASSETCATALOG_COMPILER_APPICON_NAME = AppIcon;
				ASSETCATALOG_COMPILER_GLOBAL_ACCENT_COLOR_NAME = AccentColor;
				CODE_SIGN_ENTITLEMENTS = "EQuotes-MVVM/EQuotes_MVVM.entitlements";
				CODE_SIGN_STYLE = Automatic;
				CURRENT_PROJECT_VERSION = 1;
				DEVELOPMENT_ASSET_PATHS = "\"EQuotes-MVVM/Preview Content\"";
				DEVELOPMENT_TEAM = 8YDWDP2ZVW;
				ENABLE_HARDENED_RUNTIME = YES;
				ENABLE_PREVIEWS = YES;
				GENERATE_INFOPLIST_FILE = YES;
				"INFOPLIST_KEY_UIApplicationSceneManifest_Generation[sdk=iphoneos*]" = YES;
				"INFOPLIST_KEY_UIApplicationSceneManifest_Generation[sdk=iphonesimulator*]" = YES;
				"INFOPLIST_KEY_UIApplicationSupportsIndirectInputEvents[sdk=iphoneos*]" = YES;
				"INFOPLIST_KEY_UIApplicationSupportsIndirectInputEvents[sdk=iphonesimulator*]" = YES;
				"INFOPLIST_KEY_UILaunchScreen_Generation[sdk=iphoneos*]" = YES;
				"INFOPLIST_KEY_UILaunchScreen_Generation[sdk=iphonesimulator*]" = YES;
				"INFOPLIST_KEY_UIStatusBarStyle[sdk=iphoneos*]" = UIStatusBarStyleDefault;
				"INFOPLIST_KEY_UIStatusBarStyle[sdk=iphonesimulator*]" = UIStatusBarStyleDefault;
				INFOPLIST_KEY_UISupportedInterfaceOrientations = UIInterfaceOrientationPortrait;
				INFOPLIST_KEY_UISupportedInterfaceOrientations_iPad = "UIInterfaceOrientationLandscapeLeft UIInterfaceOrientationLandscapeRight UIInterfaceOrientationPortrait UIInterfaceOrientationPortraitUpsideDown";
				IPHONEOS_DEPLOYMENT_TARGET = 16.4;
				LD_RUNPATH_SEARCH_PATHS = "@executable_path/Frameworks";
				"LD_RUNPATH_SEARCH_PATHS[sdk=macosx*]" = "@executable_path/../Frameworks";
				MACOSX_DEPLOYMENT_TARGET = 13.2;
				MARKETING_VERSION = 1.0;
				PRODUCT_BUNDLE_IDENTIFIER = "com.thuyentruong.EQuotes-MVVM";
				PRODUCT_NAME = "$(TARGET_NAME)";
				SDKROOT = auto;
				SUPPORTED_PLATFORMS = "iphoneos iphonesimulator macosx";
				SWIFT_EMIT_LOC_STRINGS = YES;
				SWIFT_VERSION = 5.0;
				TARGETED_DEVICE_FAMILY = "1,2";
			};
			name = Release;
		};
		7638DAB129F16967004F97A2 /* Debug */ = {
			isa = XCBuildConfiguration;
			buildSettings = {
				ALWAYS_EMBED_SWIFT_STANDARD_LIBRARIES = YES;
				BUNDLE_LOADER = "$(TEST_HOST)";
				CODE_SIGN_STYLE = Automatic;
				CURRENT_PROJECT_VERSION = 1;
				DEVELOPMENT_TEAM = 8YDWDP2ZVW;
				GENERATE_INFOPLIST_FILE = YES;
				IPHONEOS_DEPLOYMENT_TARGET = 16.4;
				MACOSX_DEPLOYMENT_TARGET = 13.2;
				MARKETING_VERSION = 1.0;
				PRODUCT_BUNDLE_IDENTIFIER = "com.thuyentruong.EQuotes-MVVMTests";
				PRODUCT_NAME = "$(TARGET_NAME)";
				SDKROOT = auto;
				SUPPORTED_PLATFORMS = "iphoneos iphonesimulator macosx";
				SWIFT_EMIT_LOC_STRINGS = NO;
				SWIFT_VERSION = 5.0;
				TARGETED_DEVICE_FAMILY = "1,2";
				TEST_HOST = "$(BUILT_PRODUCTS_DIR)/EQuotes-MVVM.app/$(BUNDLE_EXECUTABLE_FOLDER_PATH)/EQuotes-MVVM";
			};
			name = Debug;
		};
		7638DAB229F16967004F97A2 /* Release */ = {
			isa = XCBuildConfiguration;
			buildSettings = {
				ALWAYS_EMBED_SWIFT_STANDARD_LIBRARIES = YES;
				BUNDLE_LOADER = "$(TEST_HOST)";
				CODE_SIGN_STYLE = Automatic;
				CURRENT_PROJECT_VERSION = 1;
				DEVELOPMENT_TEAM = 8YDWDP2ZVW;
				GENERATE_INFOPLIST_FILE = YES;
				IPHONEOS_DEPLOYMENT_TARGET = 16.4;
				MACOSX_DEPLOYMENT_TARGET = 13.2;
				MARKETING_VERSION = 1.0;
				PRODUCT_BUNDLE_IDENTIFIER = "com.thuyentruong.EQuotes-MVVMTests";
				PRODUCT_NAME = "$(TARGET_NAME)";
				SDKROOT = auto;
				SUPPORTED_PLATFORMS = "iphoneos iphonesimulator macosx";
				SWIFT_EMIT_LOC_STRINGS = NO;
				SWIFT_VERSION = 5.0;
				TARGETED_DEVICE_FAMILY = "1,2";
				TEST_HOST = "$(BUILT_PRODUCTS_DIR)/EQuotes-MVVM.app/$(BUNDLE_EXECUTABLE_FOLDER_PATH)/EQuotes-MVVM";
			};
			name = Release;
		};
/* End XCBuildConfiguration section */

/* Begin XCConfigurationList section */
		7638DA8329F16966004F97A2 /* Build configuration list for PBXProject "EQuotes-MVVM" */ = {
			isa = XCConfigurationList;
			buildConfigurations = (
				7638DAAB29F16967004F97A2 /* Debug */,
				7638DAAC29F16967004F97A2 /* Release */,
			);
			defaultConfigurationIsVisible = 0;
			defaultConfigurationName = Release;
		};
		7638DAAD29F16967004F97A2 /* Build configuration list for PBXNativeTarget "EQuotes-MVVM" */ = {
			isa = XCConfigurationList;
			buildConfigurations = (
				7638DAAE29F16967004F97A2 /* Debug */,
				7638DAAF29F16967004F97A2 /* Release */,
			);
			defaultConfigurationIsVisible = 0;
			defaultConfigurationName = Release;
		};
		7638DAB029F16967004F97A2 /* Build configuration list for PBXNativeTarget "EQuotes-MVVMTests" */ = {
			isa = XCConfigurationList;
			buildConfigurations = (
				7638DAB129F16967004F97A2 /* Debug */,
				7638DAB229F16967004F97A2 /* Release */,
			);
			defaultConfigurationIsVisible = 0;
			defaultConfigurationName = Release;
		};
/* End XCConfigurationList section */

/* Begin XCRemoteSwiftPackageReference section */
		7638DAE529F18610004F97A2 /* XCRemoteSwiftPackageReference "firebase-ios-sdk" */ = {
			isa = XCRemoteSwiftPackageReference;
			repositoryURL = "https://github.com/firebase/firebase-ios-sdk";
			requirement = {
				kind = upToNextMajorVersion;
				minimumVersion = 10.0.0;
			};
		};
		7638DAFC29F18826004F97A2 /* XCRemoteSwiftPackageReference "swift-log" */ = {
			isa = XCRemoteSwiftPackageReference;
			repositoryURL = "https://github.com/apple/swift-log.git";
			requirement = {
				kind = upToNextMajorVersion;
				minimumVersion = 1.0.0;
			};
		};
/* End XCRemoteSwiftPackageReference section */

/* Begin XCSwiftPackageProductDependency section */
		7638DAE629F18610004F97A2 /* FirebaseAnalytics */ = {
			isa = XCSwiftPackageProductDependency;
			package = 7638DAE529F18610004F97A2 /* XCRemoteSwiftPackageReference "firebase-ios-sdk" */;
			productName = FirebaseAnalytics;
		};
		7638DAE829F18610004F97A2 /* FirebaseAnalyticsSwift */ = {
			isa = XCSwiftPackageProductDependency;
			package = 7638DAE529F18610004F97A2 /* XCRemoteSwiftPackageReference "firebase-ios-sdk" */;
			productName = FirebaseAnalyticsSwift;
		};
		7638DAEA29F18610004F97A2 /* FirebaseFirestore */ = {
			isa = XCSwiftPackageProductDependency;
			package = 7638DAE529F18610004F97A2 /* XCRemoteSwiftPackageReference "firebase-ios-sdk" */;
			productName = FirebaseFirestore;
		};
		7638DAEC29F18610004F97A2 /* FirebaseFirestoreSwift */ = {
			isa = XCSwiftPackageProductDependency;
			package = 7638DAE529F18610004F97A2 /* XCRemoteSwiftPackageReference "firebase-ios-sdk" */;
			productName = FirebaseFirestoreSwift;
		};
		7638DAFD29F18826004F97A2 /* Logging */ = {
			isa = XCSwiftPackageProductDependency;
			package = 7638DAFC29F18826004F97A2 /* XCRemoteSwiftPackageReference "swift-log" */;
			productName = Logging;
		};
/* End XCSwiftPackageProductDependency section */
	};
	rootObject = 7638DA8029F16966004F97A2 /* Project object */;
}
